// !$*UTF8*$!
{
	archiveVersion = 1;
	classes = {
	};
	objectVersion = 56;
	objects = {

/* Begin PBXBuildFile section */
		604EBC352BF35DC000EC3305 /* CharacterDetailViewController.swift in Sources */ = {isa = PBXBuildFile; fileRef = 604EBC342BF35DC000EC3305 /* CharacterDetailViewController.swift */; };
		608F6F4A2BF3612700DFF3E2 /* Marvelmodel.xcdatamodeld in Sources */ = {isa = PBXBuildFile; fileRef = 608F6F482BF3612700DFF3E2 /* Marvelmodel.xcdatamodeld */; };
		7B98011B2BE5B504000A4ACD /* Character.swift in Sources */ = {isa = PBXBuildFile; fileRef = 7B98011A2BE5B504000A4ACD /* Character.swift */; };
		7B98011D2BE5B6DC000A4ACD /* Image.swift in Sources */ = {isa = PBXBuildFile; fileRef = 7B98011C2BE5B6DC000A4ACD /* Image.swift */; };
		7B98011F2BE5B84D000A4ACD /* URLWebSite.swift in Sources */ = {isa = PBXBuildFile; fileRef = 7B98011E2BE5B84D000A4ACD /* URLWebSite.swift */; };
		7B9801212BE5BB55000A4ACD /* ResourceList.swift in Sources */ = {isa = PBXBuildFile; fileRef = 7B9801202BE5BB55000A4ACD /* ResourceList.swift */; };
		7B9801232BE5BCB8000A4ACD /* ComicItem.swift in Sources */ = {isa = PBXBuildFile; fileRef = 7B9801222BE5BCB8000A4ACD /* ComicItem.swift */; };
		7B9801252BE5BD8F000A4ACD /* SerieItem.swift in Sources */ = {isa = PBXBuildFile; fileRef = 7B9801242BE5BD8F000A4ACD /* SerieItem.swift */; };
		7B9801272BE5BDF6000A4ACD /* StoryItem.swift in Sources */ = {isa = PBXBuildFile; fileRef = 7B9801262BE5BDF6000A4ACD /* StoryItem.swift */; };
		7B9801292BE5BE6D000A4ACD /* EventItem.swift in Sources */ = {isa = PBXBuildFile; fileRef = 7B9801282BE5BE6D000A4ACD /* EventItem.swift */; };
		7B98012B2BE5BF59000A4ACD /* APIResponse.swift in Sources */ = {isa = PBXBuildFile; fileRef = 7B98012A2BE5BF59000A4ACD /* APIResponse.swift */; };
		7B98012D2BE5BFE3000A4ACD /* DataResponse.swift in Sources */ = {isa = PBXBuildFile; fileRef = 7B98012C2BE5BFE3000A4ACD /* DataResponse.swift */; };
		7B9801302BE5C0B0000A4ACD /* Constants.swift in Sources */ = {isa = PBXBuildFile; fileRef = 7B98012F2BE5C0B0000A4ACD /* Constants.swift */; };
		7B9801332BE5C1EA000A4ACD /* CharacterServiceManager.swift in Sources */ = {isa = PBXBuildFile; fileRef = 7B9801322BE5C1EA000A4ACD /* CharacterServiceManager.swift */; };
		7B9801362BE5D587000A4ACD /* CharacterCell.swift in Sources */ = {isa = PBXBuildFile; fileRef = 7B9801352BE5D587000A4ACD /* CharacterCell.swift */; };
		7BA5AECC2BE1BBF7008D0BCC /* AppDelegate.swift in Sources */ = {isa = PBXBuildFile; fileRef = 7BA5AECB2BE1BBF7008D0BCC /* AppDelegate.swift */; };
		7BA5AECE2BE1BBF7008D0BCC /* SceneDelegate.swift in Sources */ = {isa = PBXBuildFile; fileRef = 7BA5AECD2BE1BBF7008D0BCC /* SceneDelegate.swift */; };
		7BA5AED02BE1BBF7008D0BCC /* ViewController.swift in Sources */ = {isa = PBXBuildFile; fileRef = 7BA5AECF2BE1BBF7008D0BCC /* ViewController.swift */; };
		7BA5AED32BE1BBF7008D0BCC /* Main.storyboard in Resources */ = {isa = PBXBuildFile; fileRef = 7BA5AED12BE1BBF7008D0BCC /* Main.storyboard */; };
		7BA5AED52BE1BBF9008D0BCC /* Assets.xcassets in Resources */ = {isa = PBXBuildFile; fileRef = 7BA5AED42BE1BBF9008D0BCC /* Assets.xcassets */; };
		7BA5AED82BE1BBF9008D0BCC /* LaunchScreen.storyboard in Resources */ = {isa = PBXBuildFile; fileRef = 7BA5AED62BE1BBF9008D0BCC /* LaunchScreen.storyboard */; };
		7BA5AEE02BE1BE34008D0BCC /* .gitignore in Resources */ = {isa = PBXBuildFile; fileRef = 7BA5AEDF2BE1BE34008D0BCC /* .gitignore */; };
		7BA5AEE22BE1C8AA008D0BCC /* marvel.keys in Resources */ = {isa = PBXBuildFile; fileRef = 7BA5AEE12BE1C8AA008D0BCC /* marvel.keys */; };
		7BA5AEE52BE1C9F1008D0BCC /* DoubleExtesion.swift in Sources */ = {isa = PBXBuildFile; fileRef = 7BA5AEE42BE1C9F1008D0BCC /* DoubleExtesion.swift */; };
		7BA5AEE72BE1CA25008D0BCC /* StringExtension.swift in Sources */ = {isa = PBXBuildFile; fileRef = 7BA5AEE62BE1CA25008D0BCC /* StringExtension.swift */; };
		7BA5AEEA2BE270FC008D0BCC /* Keys.swift in Sources */ = {isa = PBXBuildFile; fileRef = 7BA5AEE92BE270FC008D0BCC /* Keys.swift */; };
		7BA5AEEC2BE27415008D0BCC /* KeyLoader.swift in Sources */ = {isa = PBXBuildFile; fileRef = 7BA5AEEB2BE27415008D0BCC /* KeyLoader.swift */; };
		7BB7CC252BE68EEC009253B3 /* SDWebImage in Frameworks */ = {isa = PBXBuildFile; productRef = 7BB7CC242BE68EEC009253B3 /* SDWebImage */; };
/* End PBXBuildFile section */

/* Begin PBXFileReference section */
		604EBC342BF35DC000EC3305 /* CharacterDetailViewController.swift */ = {isa = PBXFileReference; lastKnownFileType = sourcecode.swift; path = CharacterDetailViewController.swift; sourceTree = "<group>"; };
		608F6F492BF3612700DFF3E2 /* Marvelmodel.xcdatamodel */ = {isa = PBXFileReference; lastKnownFileType = wrapper.xcdatamodel; path = Marvelmodel.xcdatamodel; sourceTree = "<group>"; };
		7B98011A2BE5B504000A4ACD /* Character.swift */ = {isa = PBXFileReference; lastKnownFileType = sourcecode.swift; path = Character.swift; sourceTree = "<group>"; };
		7B98011C2BE5B6DC000A4ACD /* Image.swift */ = {isa = PBXFileReference; lastKnownFileType = sourcecode.swift; path = Image.swift; sourceTree = "<group>"; };
		7B98011E2BE5B84D000A4ACD /* URLWebSite.swift */ = {isa = PBXFileReference; lastKnownFileType = sourcecode.swift; path = URLWebSite.swift; sourceTree = "<group>"; };
		7B9801202BE5BB55000A4ACD /* ResourceList.swift */ = {isa = PBXFileReference; lastKnownFileType = sourcecode.swift; path = ResourceList.swift; sourceTree = "<group>"; };
		7B9801222BE5BCB8000A4ACD /* ComicItem.swift */ = {isa = PBXFileReference; lastKnownFileType = sourcecode.swift; path = ComicItem.swift; sourceTree = "<group>"; };
		7B9801242BE5BD8F000A4ACD /* SerieItem.swift */ = {isa = PBXFileReference; lastKnownFileType = sourcecode.swift; path = SerieItem.swift; sourceTree = "<group>"; };
		7B9801262BE5BDF6000A4ACD /* StoryItem.swift */ = {isa = PBXFileReference; lastKnownFileType = sourcecode.swift; path = StoryItem.swift; sourceTree = "<group>"; };
		7B9801282BE5BE6D000A4ACD /* EventItem.swift */ = {isa = PBXFileReference; lastKnownFileType = sourcecode.swift; path = EventItem.swift; sourceTree = "<group>"; };
		7B98012A2BE5BF59000A4ACD /* APIResponse.swift */ = {isa = PBXFileReference; lastKnownFileType = sourcecode.swift; path = APIResponse.swift; sourceTree = "<group>"; };
		7B98012C2BE5BFE3000A4ACD /* DataResponse.swift */ = {isa = PBXFileReference; lastKnownFileType = sourcecode.swift; path = DataResponse.swift; sourceTree = "<group>"; };
		7B98012F2BE5C0B0000A4ACD /* Constants.swift */ = {isa = PBXFileReference; lastKnownFileType = sourcecode.swift; path = Constants.swift; sourceTree = "<group>"; };
		7B9801322BE5C1EA000A4ACD /* CharacterServiceManager.swift */ = {isa = PBXFileReference; lastKnownFileType = sourcecode.swift; path = CharacterServiceManager.swift; sourceTree = "<group>"; };
		7B9801352BE5D587000A4ACD /* CharacterCell.swift */ = {isa = PBXFileReference; lastKnownFileType = sourcecode.swift; path = CharacterCell.swift; sourceTree = "<group>"; };
		7BA5AEC82BE1BBF7008D0BCC /* MarvelApp.app */ = {isa = PBXFileReference; explicitFileType = wrapper.application; includeInIndex = 0; path = MarvelApp.app; sourceTree = BUILT_PRODUCTS_DIR; };
		7BA5AECB2BE1BBF7008D0BCC /* AppDelegate.swift */ = {isa = PBXFileReference; lastKnownFileType = sourcecode.swift; path = AppDelegate.swift; sourceTree = "<group>"; };
		7BA5AECD2BE1BBF7008D0BCC /* SceneDelegate.swift */ = {isa = PBXFileReference; lastKnownFileType = sourcecode.swift; path = SceneDelegate.swift; sourceTree = "<group>"; };
		7BA5AECF2BE1BBF7008D0BCC /* ViewController.swift */ = {isa = PBXFileReference; lastKnownFileType = sourcecode.swift; path = ViewController.swift; sourceTree = "<group>"; };
		7BA5AED22BE1BBF7008D0BCC /* Base */ = {isa = PBXFileReference; lastKnownFileType = file.storyboard; name = Base; path = Base.lproj/Main.storyboard; sourceTree = "<group>"; };
		7BA5AED42BE1BBF9008D0BCC /* Assets.xcassets */ = {isa = PBXFileReference; lastKnownFileType = folder.assetcatalog; path = Assets.xcassets; sourceTree = "<group>"; };
		7BA5AED72BE1BBF9008D0BCC /* Base */ = {isa = PBXFileReference; lastKnownFileType = file.storyboard; name = Base; path = Base.lproj/LaunchScreen.storyboard; sourceTree = "<group>"; };
		7BA5AED92BE1BBF9008D0BCC /* Info.plist */ = {isa = PBXFileReference; lastKnownFileType = text.plist.xml; path = Info.plist; sourceTree = "<group>"; };
		7BA5AEDF2BE1BE34008D0BCC /* .gitignore */ = {isa = PBXFileReference; lastKnownFileType = text; path = .gitignore; sourceTree = "<group>"; };
		7BA5AEE12BE1C8AA008D0BCC /* marvel.keys */ = {isa = PBXFileReference; lastKnownFileType = text; path = marvel.keys; sourceTree = "<group>"; };
		7BA5AEE42BE1C9F1008D0BCC /* DoubleExtesion.swift */ = {isa = PBXFileReference; lastKnownFileType = sourcecode.swift; path = DoubleExtesion.swift; sourceTree = "<group>"; };
		7BA5AEE62BE1CA25008D0BCC /* StringExtension.swift */ = {isa = PBXFileReference; lastKnownFileType = sourcecode.swift; path = StringExtension.swift; sourceTree = "<group>"; };
		7BA5AEE92BE270FC008D0BCC /* Keys.swift */ = {isa = PBXFileReference; lastKnownFileType = sourcecode.swift; path = Keys.swift; sourceTree = "<group>"; };
		7BA5AEEB2BE27415008D0BCC /* KeyLoader.swift */ = {isa = PBXFileReference; lastKnownFileType = sourcecode.swift; path = KeyLoader.swift; sourceTree = "<group>"; };
/* End PBXFileReference section */

/* Begin PBXFrameworksBuildPhase section */
		7BA5AEC52BE1BBF7008D0BCC /* Frameworks */ = {
			isa = PBXFrameworksBuildPhase;
			buildActionMask = 2147483647;
			files = (
				7BB7CC252BE68EEC009253B3 /* SDWebImage in Frameworks */,
			);
			runOnlyForDeploymentPostprocessing = 0;
		};
/* End PBXFrameworksBuildPhase section */

/* Begin PBXGroup section */
		7B98012E2BE5C082000A4ACD /* Contants */ = {
			isa = PBXGroup;
			children = (
				7B98012F2BE5C0B0000A4ACD /* Constants.swift */,
			);
			path = Contants;
			sourceTree = "<group>";
		};
		7B9801312BE5C1C7000A4ACD /* Service */ = {
			isa = PBXGroup;
			children = (
				7B9801322BE5C1EA000A4ACD /* CharacterServiceManager.swift */,
			);
			path = Service;
			sourceTree = "<group>";
		};
		7B9801342BE5D55B000A4ACD /* View */ = {
			isa = PBXGroup;
			children = (
				7B9801352BE5D587000A4ACD /* CharacterCell.swift */,
				604EBC342BF35DC000EC3305 /* CharacterDetailViewController.swift */,
			);
			path = View;
			sourceTree = "<group>";
		};
		7BA5AEBF2BE1BBF7008D0BCC = {
			isa = PBXGroup;
			children = (
				7BA5AEDF2BE1BE34008D0BCC /* .gitignore */,
				7BA5AECA2BE1BBF7008D0BCC /* MarvelApp */,
				7BA5AEC92BE1BBF7008D0BCC /* Products */,
			);
			sourceTree = "<group>";
		};
		7BA5AEC92BE1BBF7008D0BCC /* Products */ = {
			isa = PBXGroup;
			children = (
				7BA5AEC82BE1BBF7008D0BCC /* MarvelApp.app */,
			);
			name = Products;
			sourceTree = "<group>";
		};
		7BA5AECA2BE1BBF7008D0BCC /* MarvelApp */ = {
			isa = PBXGroup;
			children = (
				7B9801342BE5D55B000A4ACD /* View */,
				7B9801312BE5C1C7000A4ACD /* Service */,
				7B98012E2BE5C082000A4ACD /* Contants */,
				7BA5AEE82BE270CA008D0BCC /* Model */,
				7BA5AEE32BE1C9DB008D0BCC /* Extensions */,
				7BA5AECB2BE1BBF7008D0BCC /* AppDelegate.swift */,
				7BA5AECD2BE1BBF7008D0BCC /* SceneDelegate.swift */,
				7BA5AECF2BE1BBF7008D0BCC /* ViewController.swift */,
				7BA5AED12BE1BBF7008D0BCC /* Main.storyboard */,
				7BA5AED42BE1BBF9008D0BCC /* Assets.xcassets */,
				7BA5AED62BE1BBF9008D0BCC /* LaunchScreen.storyboard */,
				7BA5AED92BE1BBF9008D0BCC /* Info.plist */,
				7BA5AEE12BE1C8AA008D0BCC /* marvel.keys */,
				608F6F482BF3612700DFF3E2 /* Marvelmodel.xcdatamodeld */,
			);
			path = MarvelApp;
			sourceTree = "<group>";
		};
		7BA5AEE32BE1C9DB008D0BCC /* Extensions */ = {
			isa = PBXGroup;
			children = (
				7BA5AEE42BE1C9F1008D0BCC /* DoubleExtesion.swift */,
				7BA5AEE62BE1CA25008D0BCC /* StringExtension.swift */,
			);
			path = Extensions;
			sourceTree = "<group>";
		};
		7BA5AEE82BE270CA008D0BCC /* Model */ = {
			isa = PBXGroup;
			children = (
				7BA5AEE92BE270FC008D0BCC /* Keys.swift */,
				7BA5AEEB2BE27415008D0BCC /* KeyLoader.swift */,
				7B98011A2BE5B504000A4ACD /* Character.swift */,
				7B98011C2BE5B6DC000A4ACD /* Image.swift */,
				7B98011E2BE5B84D000A4ACD /* URLWebSite.swift */,
				7B9801202BE5BB55000A4ACD /* ResourceList.swift */,
				7B9801222BE5BCB8000A4ACD /* ComicItem.swift */,
				7B9801242BE5BD8F000A4ACD /* SerieItem.swift */,
				7B9801262BE5BDF6000A4ACD /* StoryItem.swift */,
				7B9801282BE5BE6D000A4ACD /* EventItem.swift */,
				7B98012A2BE5BF59000A4ACD /* APIResponse.swift */,
				7B98012C2BE5BFE3000A4ACD /* DataResponse.swift */,
			);
			path = Model;
			sourceTree = "<group>";
		};
/* End PBXGroup section */

/* Begin PBXNativeTarget section */
		7BA5AEC72BE1BBF7008D0BCC /* MarvelApp */ = {
			isa = PBXNativeTarget;
			buildConfigurationList = 7BA5AEDC2BE1BBF9008D0BCC /* Build configuration list for PBXNativeTarget "MarvelApp" */;
			buildPhases = (
				7BA5AEC42BE1BBF7008D0BCC /* Sources */,
				7BA5AEC52BE1BBF7008D0BCC /* Frameworks */,
				7BA5AEC62BE1BBF7008D0BCC /* Resources */,
			);
			buildRules = (
			);
			dependencies = (
			);
			name = MarvelApp;
			packageProductDependencies = (
				7BB7CC242BE68EEC009253B3 /* SDWebImage */,
			);
			productName = MarvelApp;
			productReference = 7BA5AEC82BE1BBF7008D0BCC /* MarvelApp.app */;
			productType = "com.apple.product-type.application";
		};
/* End PBXNativeTarget section */

/* Begin PBXProject section */
		7BA5AEC02BE1BBF7008D0BCC /* Project object */ = {
			isa = PBXProject;
			attributes = {
				BuildIndependentTargetsInParallel = 1;
				LastSwiftUpdateCheck = 1420;
				LastUpgradeCheck = 1420;
				TargetAttributes = {
					7BA5AEC72BE1BBF7008D0BCC = {
						CreatedOnToolsVersion = 14.2;
					};
				};
			};
			buildConfigurationList = 7BA5AEC32BE1BBF7008D0BCC /* Build configuration list for PBXProject "MarvelApp" */;
			compatibilityVersion = "Xcode 14.0";
			developmentRegion = en;
			hasScannedForEncodings = 0;
			knownRegions = (
				en,
				Base,
			);
			mainGroup = 7BA5AEBF2BE1BBF7008D0BCC;
			packageReferences = (
				7BB7CC232BE68EEC009253B3 /* XCRemoteSwiftPackageReference "SDWebImage" */,
			);
			productRefGroup = 7BA5AEC92BE1BBF7008D0BCC /* Products */;
			projectDirPath = "";
			projectRoot = "";
			targets = (
				7BA5AEC72BE1BBF7008D0BCC /* MarvelApp */,
			);
		};
/* End PBXProject section */

/* Begin PBXResourcesBuildPhase section */
		7BA5AEC62BE1BBF7008D0BCC /* Resources */ = {
			isa = PBXResourcesBuildPhase;
			buildActionMask = 2147483647;
			files = (
				7BA5AEE02BE1BE34008D0BCC /* .gitignore in Resources */,
				7BA5AED82BE1BBF9008D0BCC /* LaunchScreen.storyboard in Resources */,
				7BA5AED52BE1BBF9008D0BCC /* Assets.xcassets in Resources */,
				7BA5AEE22BE1C8AA008D0BCC /* marvel.keys in Resources */,
				7BA5AED32BE1BBF7008D0BCC /* Main.storyboard in Resources */,
			);
			runOnlyForDeploymentPostprocessing = 0;
		};
/* End PBXResourcesBuildPhase section */

/* Begin PBXSourcesBuildPhase section */
		7BA5AEC42BE1BBF7008D0BCC /* Sources */ = {
			isa = PBXSourcesBuildPhase;
			buildActionMask = 2147483647;
			files = (
				7B9801232BE5BCB8000A4ACD /* ComicItem.swift in Sources */,
				7BA5AED02BE1BBF7008D0BCC /* ViewController.swift in Sources */,
				7B9801292BE5BE6D000A4ACD /* EventItem.swift in Sources */,
				7BA5AEEA2BE270FC008D0BCC /* Keys.swift in Sources */,
				608F6F4A2BF3612700DFF3E2 /* Marvelmodel.xcdatamodeld in Sources */,
				604EBC352BF35DC000EC3305 /* CharacterDetailViewController.swift in Sources */,
				7BA5AEE52BE1C9F1008D0BCC /* DoubleExtesion.swift in Sources */,
				7B98012B2BE5BF59000A4ACD /* APIResponse.swift in Sources */,
				7BA5AEE72BE1CA25008D0BCC /* StringExtension.swift in Sources */,
				7BA5AECC2BE1BBF7008D0BCC /* AppDelegate.swift in Sources */,
				7B9801252BE5BD8F000A4ACD /* SerieItem.swift in Sources */,
				7B98011F2BE5B84D000A4ACD /* URLWebSite.swift in Sources */,
				7BA5AEEC2BE27415008D0BCC /* KeyLoader.swift in Sources */,
				7B9801332BE5C1EA000A4ACD /* CharacterServiceManager.swift in Sources */,
				7BA5AECE2BE1BBF7008D0BCC /* SceneDelegate.swift in Sources */,
				7B9801272BE5BDF6000A4ACD /* StoryItem.swift in Sources */,
				7B9801212BE5BB55000A4ACD /* ResourceList.swift in Sources */,
				7B9801362BE5D587000A4ACD /* CharacterCell.swift in Sources */,
				7B98011D2BE5B6DC000A4ACD /* Image.swift in Sources */,
				7B98011B2BE5B504000A4ACD /* Character.swift in Sources */,
				7B98012D2BE5BFE3000A4ACD /* DataResponse.swift in Sources */,
				7B9801302BE5C0B0000A4ACD /* Constants.swift in Sources */,
			);
			runOnlyForDeploymentPostprocessing = 0;
		};
/* End PBXSourcesBuildPhase section */

/* Begin PBXVariantGroup section */
		7BA5AED12BE1BBF7008D0BCC /* Main.storyboard */ = {
			isa = PBXVariantGroup;
			children = (
				7BA5AED22BE1BBF7008D0BCC /* Base */,
			);
			name = Main.storyboard;
			sourceTree = "<group>";
		};
		7BA5AED62BE1BBF9008D0BCC /* LaunchScreen.storyboard */ = {
			isa = PBXVariantGroup;
			children = (
				7BA5AED72BE1BBF9008D0BCC /* Base */,
			);
			name = LaunchScreen.storyboard;
			sourceTree = "<group>";
		};
/* End PBXVariantGroup section */

/* Begin XCBuildConfiguration section */
		7BA5AEDA2BE1BBF9008D0BCC /* Debug */ = {
			isa = XCBuildConfiguration;
			buildSettings = {
				ALWAYS_SEARCH_USER_PATHS = NO;
				CLANG_ANALYZER_NONNULL = YES;
				CLANG_ANALYZER_NUMBER_OBJECT_CONVERSION = YES_AGGRESSIVE;
				CLANG_CXX_LANGUAGE_STANDARD = "gnu++20";
				CLANG_ENABLE_MODULES = YES;
				CLANG_ENABLE_OBJC_ARC = YES;
				CLANG_ENABLE_OBJC_WEAK = YES;
				CLANG_WARN_BLOCK_CAPTURE_AUTORELEASING = YES;
				CLANG_WARN_BOOL_CONVERSION = YES;
				CLANG_WARN_COMMA = YES;
				CLANG_WARN_CONSTANT_CONVERSION = YES;
				CLANG_WARN_DEPRECATED_OBJC_IMPLEMENTATIONS = YES;
				CLANG_WARN_DIRECT_OBJC_ISA_USAGE = YES_ERROR;
				CLANG_WARN_DOCUMENTATION_COMMENTS = YES;
				CLANG_WARN_EMPTY_BODY = YES;
				CLANG_WARN_ENUM_CONVERSION = YES;
				CLANG_WARN_INFINITE_RECURSION = YES;
				CLANG_WARN_INT_CONVERSION = YES;
				CLANG_WARN_NON_LITERAL_NULL_CONVERSION = YES;
				CLANG_WARN_OBJC_IMPLICIT_RETAIN_SELF = YES;
				CLANG_WARN_OBJC_LITERAL_CONVERSION = YES;
				CLANG_WARN_OBJC_ROOT_CLASS = YES_ERROR;
				CLANG_WARN_QUOTED_INCLUDE_IN_FRAMEWORK_HEADER = YES;
				CLANG_WARN_RANGE_LOOP_ANALYSIS = YES;
				CLANG_WARN_STRICT_PROTOTYPES = YES;
				CLANG_WARN_SUSPICIOUS_MOVE = YES;
				CLANG_WARN_UNGUARDED_AVAILABILITY = YES_AGGRESSIVE;
				CLANG_WARN_UNREACHABLE_CODE = YES;
				CLANG_WARN__DUPLICATE_METHOD_MATCH = YES;
				COPY_PHASE_STRIP = NO;
				DEBUG_INFORMATION_FORMAT = dwarf;
				ENABLE_STRICT_OBJC_MSGSEND = YES;
				ENABLE_TESTABILITY = YES;
				GCC_C_LANGUAGE_STANDARD = gnu11;
				GCC_DYNAMIC_NO_PIC = NO;
				GCC_NO_COMMON_BLOCKS = YES;
				GCC_OPTIMIZATION_LEVEL = 0;
				GCC_PREPROCESSOR_DEFINITIONS = (
					"DEBUG=1",
					"$(inherited)",
				);
				GCC_WARN_64_TO_32_BIT_CONVERSION = YES;
				GCC_WARN_ABOUT_RETURN_TYPE = YES_ERROR;
				GCC_WARN_UNDECLARED_SELECTOR = YES;
				GCC_WARN_UNINITIALIZED_AUTOS = YES_AGGRESSIVE;
				GCC_WARN_UNUSED_FUNCTION = YES;
				GCC_WARN_UNUSED_VARIABLE = YES;
				IPHONEOS_DEPLOYMENT_TARGET = 16.2;
				MTL_ENABLE_DEBUG_INFO = INCLUDE_SOURCE;
				MTL_FAST_MATH = YES;
				ONLY_ACTIVE_ARCH = YES;
				SDKROOT = iphoneos;
				SWIFT_ACTIVE_COMPILATION_CONDITIONS = DEBUG;
				SWIFT_OPTIMIZATION_LEVEL = "-Onone";
			};
			name = Debug;
		};
		7BA5AEDB2BE1BBF9008D0BCC /* Release */ = {
			isa = XCBuildConfiguration;
			buildSettings = {
				ALWAYS_SEARCH_USER_PATHS = NO;
				CLANG_ANALYZER_NONNULL = YES;
				CLANG_ANALYZER_NUMBER_OBJECT_CONVERSION = YES_AGGRESSIVE;
				CLANG_CXX_LANGUAGE_STANDARD = "gnu++20";
				CLANG_ENABLE_MODULES = YES;
				CLANG_ENABLE_OBJC_ARC = YES;
				CLANG_ENABLE_OBJC_WEAK = YES;
				CLANG_WARN_BLOCK_CAPTURE_AUTORELEASING = YES;
				CLANG_WARN_BOOL_CONVERSION = YES;
				CLANG_WARN_COMMA = YES;
				CLANG_WARN_CONSTANT_CONVERSION = YES;
				CLANG_WARN_DEPRECATED_OBJC_IMPLEMENTATIONS = YES;
				CLANG_WARN_DIRECT_OBJC_ISA_USAGE = YES_ERROR;
				CLANG_WARN_DOCUMENTATION_COMMENTS = YES;
				CLANG_WARN_EMPTY_BODY = YES;
				CLANG_WARN_ENUM_CONVERSION = YES;
				CLANG_WARN_INFINITE_RECURSION = YES;
				CLANG_WARN_INT_CONVERSION = YES;
				CLANG_WARN_NON_LITERAL_NULL_CONVERSION = YES;
				CLANG_WARN_OBJC_IMPLICIT_RETAIN_SELF = YES;
				CLANG_WARN_OBJC_LITERAL_CONVERSION = YES;
				CLANG_WARN_OBJC_ROOT_CLASS = YES_ERROR;
				CLANG_WARN_QUOTED_INCLUDE_IN_FRAMEWORK_HEADER = YES;
				CLANG_WARN_RANGE_LOOP_ANALYSIS = YES;
				CLANG_WARN_STRICT_PROTOTYPES = YES;
				CLANG_WARN_SUSPICIOUS_MOVE = YES;
				CLANG_WARN_UNGUARDED_AVAILABILITY = YES_AGGRESSIVE;
				CLANG_WARN_UNREACHABLE_CODE = YES;
				CLANG_WARN__DUPLICATE_METHOD_MATCH = YES;
				COPY_PHASE_STRIP = NO;
				DEBUG_INFORMATION_FORMAT = "dwarf-with-dsym";
				ENABLE_NS_ASSERTIONS = NO;
				ENABLE_STRICT_OBJC_MSGSEND = YES;
				GCC_C_LANGUAGE_STANDARD = gnu11;
				GCC_NO_COMMON_BLOCKS = YES;
				GCC_WARN_64_TO_32_BIT_CONVERSION = YES;
				GCC_WARN_ABOUT_RETURN_TYPE = YES_ERROR;
				GCC_WARN_UNDECLARED_SELECTOR = YES;
				GCC_WARN_UNINITIALIZED_AUTOS = YES_AGGRESSIVE;
				GCC_WARN_UNUSED_FUNCTION = YES;
				GCC_WARN_UNUSED_VARIABLE = YES;
				IPHONEOS_DEPLOYMENT_TARGET = 16.2;
				MTL_ENABLE_DEBUG_INFO = NO;
				MTL_FAST_MATH = YES;
				SDKROOT = iphoneos;
				SWIFT_COMPILATION_MODE = wholemodule;
				SWIFT_OPTIMIZATION_LEVEL = "-O";
				VALIDATE_PRODUCT = YES;
			};
			name = Release;
		};
		7BA5AEDD2BE1BBF9008D0BCC /* Debug */ = {
			isa = XCBuildConfiguration;
			buildSettings = {
				ASSETCATALOG_COMPILER_APPICON_NAME = AppIcon;
				ASSETCATALOG_COMPILER_GLOBAL_ACCENT_COLOR_NAME = AccentColor;
				CODE_SIGN_STYLE = Automatic;
				CURRENT_PROJECT_VERSION = 1;
				DEVELOPMENT_TEAM = P2R43RKRE4;
				GENERATE_INFOPLIST_FILE = YES;
				INFOPLIST_FILE = MarvelApp/Info.plist;
				INFOPLIST_KEY_UIApplicationSupportsIndirectInputEvents = YES;
				INFOPLIST_KEY_UILaunchStoryboardName = LaunchScreen;
				INFOPLIST_KEY_UIMainStoryboardFile = Main;
				INFOPLIST_KEY_UISupportedInterfaceOrientations_iPad = "UIInterfaceOrientationPortrait UIInterfaceOrientationPortraitUpsideDown UIInterfaceOrientationLandscapeLeft UIInterfaceOrientationLandscapeRight";
				INFOPLIST_KEY_UISupportedInterfaceOrientations_iPhone = "UIInterfaceOrientationPortrait UIInterfaceOrientationLandscapeLeft UIInterfaceOrientationLandscapeRight";
				LD_RUNPATH_SEARCH_PATHS = (
					"$(inherited)",
					"@executable_path/Frameworks",
				);
				MARKETING_VERSION = 1.0;
				PRODUCT_BUNDLE_IDENTIFIER = mx.bitmania.MarvelApp;
				PRODUCT_NAME = "$(TARGET_NAME)";
				SUPPORTED_PLATFORMS = "iphoneos iphonesimulator";
				SUPPORTS_MACCATALYST = NO;
				SUPPORTS_MAC_DESIGNED_FOR_IPHONE_IPAD = NO;
				SWIFT_EMIT_LOC_STRINGS = YES;
				SWIFT_VERSION = 5.0;
				TARGETED_DEVICE_FAMILY = 1;
			};
			name = Debug;
		};
		7BA5AEDE2BE1BBF9008D0BCC /* Release */ = {
			isa = XCBuildConfiguration;
			buildSettings = {
				ASSETCATALOG_COMPILER_APPICON_NAME = AppIcon;
				ASSETCATALOG_COMPILER_GLOBAL_ACCENT_COLOR_NAME = AccentColor;
				CODE_SIGN_STYLE = Automatic;
				CURRENT_PROJECT_VERSION = 1;
				DEVELOPMENT_TEAM = P2R43RKRE4;
				GENERATE_INFOPLIST_FILE = YES;
				INFOPLIST_FILE = MarvelApp/Info.plist;
				INFOPLIST_KEY_UIApplicationSupportsIndirectInputEvents = YES;
				INFOPLIST_KEY_UILaunchStoryboardName = LaunchScreen;
				INFOPLIST_KEY_UIMainStoryboardFile = Main;
				INFOPLIST_KEY_UISupportedInterfaceOrientations_iPad = "UIInterfaceOrientationPortrait UIInterfaceOrientationPortraitUpsideDown UIInterfaceOrientationLandscapeLeft UIInterfaceOrientationLandscapeRight";
				INFOPLIST_KEY_UISupportedInterfaceOrientations_iPhone = "UIInterfaceOrientationPortrait UIInterfaceOrientationLandscapeLeft UIInterfaceOrientationLandscapeRight";
				LD_RUNPATH_SEARCH_PATHS = (
					"$(inherited)",
					"@executable_path/Frameworks",
				);
				MARKETING_VERSION = 1.0;
				PRODUCT_BUNDLE_IDENTIFIER = mx.bitmania.MarvelApp;
				PRODUCT_NAME = "$(TARGET_NAME)";
				SUPPORTED_PLATFORMS = "iphoneos iphonesimulator";
				SUPPORTS_MACCATALYST = NO;
				SUPPORTS_MAC_DESIGNED_FOR_IPHONE_IPAD = NO;
				SWIFT_EMIT_LOC_STRINGS = YES;
				SWIFT_VERSION = 5.0;
				TARGETED_DEVICE_FAMILY = 1;
			};
			name = Release;
		};
/* End XCBuildConfiguration section */

/* Begin XCConfigurationList section */
		7BA5AEC32BE1BBF7008D0BCC /* Build configuration list for PBXProject "MarvelApp" */ = {
			isa = XCConfigurationList;
			buildConfigurations = (
				7BA5AEDA2BE1BBF9008D0BCC /* Debug */,
				7BA5AEDB2BE1BBF9008D0BCC /* Release */,
			);
			defaultConfigurationIsVisible = 0;
			defaultConfigurationName = Release;
		};
		7BA5AEDC2BE1BBF9008D0BCC /* Build configuration list for PBXNativeTarget "MarvelApp" */ = {
			isa = XCConfigurationList;
			buildConfigurations = (
				7BA5AEDD2BE1BBF9008D0BCC /* Debug */,
				7BA5AEDE2BE1BBF9008D0BCC /* Release */,
			);
			defaultConfigurationIsVisible = 0;
			defaultConfigurationName = Release;
		};
/* End XCConfigurationList section */

/* Begin XCRemoteSwiftPackageReference section */
		7BB7CC232BE68EEC009253B3 /* XCRemoteSwiftPackageReference "SDWebImage" */ = {
			isa = XCRemoteSwiftPackageReference;
			repositoryURL = "https://github.com/SDWebImage/SDWebImage.git";
			requirement = {
				kind = upToNextMinorVersion;
				minimumVersion = 5.9.0;
			};
		};
/* End XCRemoteSwiftPackageReference section */

/* Begin XCSwiftPackageProductDependency section */
		7BB7CC242BE68EEC009253B3 /* SDWebImage */ = {
			isa = XCSwiftPackageProductDependency;
			package = 7BB7CC232BE68EEC009253B3 /* XCRemoteSwiftPackageReference "SDWebImage" */;
			productName = SDWebImage;
		};
/* End XCSwiftPackageProductDependency section */

/* Begin XCVersionGroup section */
		608F6F482BF3612700DFF3E2 /* Marvelmodel.xcdatamodeld */ = {
			isa = XCVersionGroup;
			children = (
				608F6F492BF3612700DFF3E2 /* Marvelmodel.xcdatamodel */,
			);
			currentVersion = 608F6F492BF3612700DFF3E2 /* Marvelmodel.xcdatamodel */;
			path = Marvelmodel.xcdatamodeld;
			sourceTree = "<group>";
			versionGroupType = wrapper.xcdatamodel;
		};
/* End XCVersionGroup section */
	};
	rootObject = 7BA5AEC02BE1BBF7008D0BCC /* Project object */;
}
